PODS:
  - AFNetworking (3.1.0):
    - AFNetworking/NSURLSession (= 3.1.0)
    - AFNetworking/Reachability (= 3.1.0)
    - AFNetworking/Security (= 3.1.0)
    - AFNetworking/Serialization (= 3.1.0)
    - AFNetworking/UIKit (= 3.1.0)
  - AFNetworking/NSURLSession (3.1.0):
    - AFNetworking/Reachability
    - AFNetworking/Security
    - AFNetworking/Serialization
  - AFNetworking/Reachability (3.1.0)
  - AFNetworking/Security (3.1.0)
  - AFNetworking/Serialization (3.1.0)
  - AFNetworking/UIKit (3.1.0):
    - AFNetworking/NSURLSession
  - AlipaySDK-2.0 (15.0.2):
    - AlipaySDK-2.0/Core (= 15.0.2)
  - AlipaySDK-2.0/Core (15.0.2)
  - AMap2DMap (4.5.0):
    - AMapFoundation (~> 1.3)
  - AMapFoundation (1.3.3)
  - AMapLocation (2.3.0):
    - AMapFoundation (~> 1.3)
  - AMapSearch (4.4.1):
    - AMapFoundation (~> 1.2)
  - DACircularProgress (2.3.1)
  - IQKeyboardManager (3.2.4)
  - Masonry (1.0.2)
  - MBProgressHUD (0.9.2)
  - MJExtension (3.0.10)
  - MJRefresh (3.1.0)
  - MWPhotoBrowser (2.1.2):
    - DACircularProgress (~> 2.3)
    - MBProgressHUD (~> 0.9)
    - SDWebImage (!= 3.7.2, ~> 3.7)
  - QBImagePickerController (2.6.0)
  - SDCycleScrollView (1.64):
    - SDWebImage (~> 3.7)
  - SDWebImage (3.7.6):
    - SDWebImage/Core (= 3.7.6)
  - SDWebImage/Core (3.7.6)
  - SVProgressHUD (2.0.3)

DEPENDENCIES:
  - AFNetworking (~> 3.1.0)
  - AlipaySDK-2.0 (~> 15.0.2)
  - AMap2DMap
  - AMapLocation
  - AMapSearch
  - IQKeyboardManager (~> 3.2.4)
  - Masonry (~> 1.0.2)
  - MJExtension (~> 3.0.10)
  - MJRefresh (~> 3.1.0)
  - MWPhotoBrowser
  - MWPhotoBrowser (~> 2.1.2)
  - QBImagePickerController
  - SDCycleScrollView (~> 1.64)
  - SDWebImage (~> 3.7.5)
  - SVProgressHUD (~> 2.0.3)

SPEC CHECKSUMS:
  AFNetworking: 5e0e199f73d8626b11e79750991f5d173d1f8b67
  AlipaySDK-2.0: 346e006fd2999d5ca5dd8869d03bc0a260fc48e0
  AMap2DMap: 6033c7c75c0157e8701bed57fa4f05e5e45c9f91
  AMapFoundation: c086329a1f19afec00e4c197863665235eb43dc2
  AMapLocation: 5fb51fe0e35e68a899199651942e6234d6257d91
  AMapSearch: 16a50b493ad419e8b6b81bafdeca7570db52f28e
  DACircularProgress: 4dd437c0fc3da5161cb289e07ac449493d41db71
  IQKeyboardManager: 555b1231fefafb21b19278d7cca72986a27b748b
  Masonry: 7c429b56da9d4ee0bbb3ed77a5ea710d6a5df39e
  MBProgressHUD: 1569cf7ace17a8bac47aabfbb8580a49690386d1
  MJExtension: d86aacb740c87519d20e3cca55b6fa4be6cc7548
  MJRefresh: 743e6404967d1c2c688472ea3ecfde247d872db4
  MWPhotoBrowser: 5836d7aa041dc05a13de380c246826578adc5ea5
  QBImagePickerController: 095c2b2973de4da267334d2cfcac989c2eb5cdc2
  SDCycleScrollView: 806fedb9342ab03b58b84442f985517b42c7cbb7
  SDWebImage: c325cf02c30337336b95beff20a13df489ec0ec9
  SVProgressHUD: b0830714205bea1317ea1a2ebc71e5633af334d4

PODFILE CHECKSUM: 192923c10e6d1779b09117f5f8bd7ed6efbacea2

COCOAPODS: 1.1.1
